
Microsoft Visual Studio Solution File, Format Version 11.00
# Visual C# Express 2010
Project("{FAE04EC0-301F-11D3-BF4B-00C04F79EFBC}") = "Новое значения номера из массива", "Новое значения номера из массива\Новое значения номера из массива.csproj", "{9A6DD773-B760-4090-A368-D1F6DC3C5B99}"
EndProject
Global
	GlobalSection(SolutionConfigurationPlatforms) = preSolution
		Debug|x86 = Debug|x86
		Release|x86 = Release|x86
	EndGlobalSection
	GlobalSection(ProjectConfigurationPlatforms) = postSolution
		{9A6DD773-B760-4090-A368-D1F6DC3C5B99}.Debug|x86.ActiveCfg = Debug|x86
		{9A6DD773-B760-4090-A368-D1F6DC3C5B99}.Debug|x86.Build.0 = Debug|x86
		{9A6DD773-B760-4090-A368-D1F6DC3C5B99}.Release|x86.ActiveCfg = Release|x86
		{9A6DD773-B760-4090-A368-D1F6DC3C5B99}.Release|x86.Build.0 = Release|x86
	EndGlobalSection
	GlobalSection(SolutionProperties) = preSolution
		HideSolutionNode = FALSE
	EndGlobalSection
EndGlobal
