
Microsoft Visual Studio Solution File, Format Version 12.00
# Visual Studio 2012
Project("{FAE04EC0-301F-11D3-BF4B-00C04F79EFBC}") = "Work2", "Work2\Work2.csproj", "{576D0A55-38EC-40E0-B04D-DE7DB722C27E}"
EndProject
Global
	GlobalSection(SolutionConfigurationPlatforms) = preSolution
		Debug|x86 = Debug|x86
		Release|x86 = Release|x86
	EndGlobalSection
	GlobalSection(ProjectConfigurationPlatforms) = postSolution
		{576D0A55-38EC-40E0-B04D-DE7DB722C27E}.Debug|x86.ActiveCfg = Debug|x86
		{576D0A55-38EC-40E0-B04D-DE7DB722C27E}.Debug|x86.Build.0 = Debug|x86
		{576D0A55-38EC-40E0-B04D-DE7DB722C27E}.Release|x86.ActiveCfg = Release|x86
		{576D0A55-38EC-40E0-B04D-DE7DB722C27E}.Release|x86.Build.0 = Release|x86
	EndGlobalSection
EndGlobal
