
Microsoft Visual Studio Solution File, Format Version 11.00
# Visual C# Express 2010
Project("{FAE04EC0-301F-11D3-BF4B-00C04F79EFBC}") = "Среднее арифметическое", "Среднее арифметическое\Среднее арифметическое.csproj", "{229D4E75-84CA-40CF-887E-8C9966F67E42}"
EndProject
Global
	GlobalSection(SolutionConfigurationPlatforms) = preSolution
		Debug|x86 = Debug|x86
		Release|x86 = Release|x86
	EndGlobalSection
	GlobalSection(ProjectConfigurationPlatforms) = postSolution
		{229D4E75-84CA-40CF-887E-8C9966F67E42}.Debug|x86.ActiveCfg = Debug|x86
		{229D4E75-84CA-40CF-887E-8C9966F67E42}.Debug|x86.Build.0 = Debug|x86
		{229D4E75-84CA-40CF-887E-8C9966F67E42}.Release|x86.ActiveCfg = Release|x86
		{229D4E75-84CA-40CF-887E-8C9966F67E42}.Release|x86.Build.0 = Release|x86
	EndGlobalSection
	GlobalSection(SolutionProperties) = preSolution
		HideSolutionNode = FALSE
	EndGlobalSection
EndGlobal
